
Microsoft Visual Studio Solution File, Format Version 12.00
# Visual Studio 14
VisualStudioVersion = 14.0.23107.0
MinimumVisualStudioVersion = 10.0.40219.1
Project("{FAE04EC0-301F-11D3-BF4B-00C04F79EFBC}") = "Client", "Client\Client.csproj", "{DC626F05-74E0-4934-85BA-42DD1AAFB8AD}"
EndProject
Project("{2150E333-8FDC-42A3-9474-1A3956D46DE8}") = "Commands", "Commands", "{9EB18A30-43B9-4D69-9B4E-75CBC78D6C78}"
EndProject
Project("{FAE04EC0-301F-11D3-BF4B-00C04F79EFBC}") = "PingCommand", "PingCommand\PingCommand.csproj", "{54A7EA0B-ECE9-4BF8-A006-CFBD7D18CD46}"
EndProject
Project("{FAE04EC0-301F-11D3-BF4B-00C04F79EFBC}") = "SimpleTextCommand", "SimpleTextCommand\SimpleTextCommand.csproj", "{9172A70E-F972-4F2A-B7A6-9F5ED3B4B089}"
EndProject
Project("{FAE04EC0-301F-11D3-BF4B-00C04F79EFBC}") = "UptimeCommand", "UptimeCommand\UptimeCommand.csproj", "{BBF66E9C-A2D8-4DE4-9586-2712062FFAF6}"
EndProject
Global
	GlobalSection(SolutionConfigurationPlatforms) = preSolution
		Debug|Any CPU = Debug|Any CPU
		Release|Any CPU = Release|Any CPU
	EndGlobalSection
	GlobalSection(ProjectConfigurationPlatforms) = postSolution
		{DC626F05-74E0-4934-85BA-42DD1AAFB8AD}.Debug|Any CPU.ActiveCfg = Debug|Any CPU
		{DC626F05-74E0-4934-85BA-42DD1AAFB8AD}.Debug|Any CPU.Build.0 = Debug|Any CPU
		{DC626F05-74E0-4934-85BA-42DD1AAFB8AD}.Release|Any CPU.ActiveCfg = Release|Any CPU
		{DC626F05-74E0-4934-85BA-42DD1AAFB8AD}.Release|Any CPU.Build.0 = Release|Any CPU
		{54A7EA0B-ECE9-4BF8-A006-CFBD7D18CD46}.Debug|Any CPU.ActiveCfg = Debug|Any CPU
		{54A7EA0B-ECE9-4BF8-A006-CFBD7D18CD46}.Debug|Any CPU.Build.0 = Debug|Any CPU
		{54A7EA0B-ECE9-4BF8-A006-CFBD7D18CD46}.Release|Any CPU.ActiveCfg = Release|Any CPU
		{54A7EA0B-ECE9-4BF8-A006-CFBD7D18CD46}.Release|Any CPU.Build.0 = Release|Any CPU
		{9172A70E-F972-4F2A-B7A6-9F5ED3B4B089}.Debug|Any CPU.ActiveCfg = Debug|Any CPU
		{9172A70E-F972-4F2A-B7A6-9F5ED3B4B089}.Debug|Any CPU.Build.0 = Debug|Any CPU
		{9172A70E-F972-4F2A-B7A6-9F5ED3B4B089}.Release|Any CPU.ActiveCfg = Release|Any CPU
		{9172A70E-F972-4F2A-B7A6-9F5ED3B4B089}.Release|Any CPU.Build.0 = Release|Any CPU
		{BBF66E9C-A2D8-4DE4-9586-2712062FFAF6}.Debug|Any CPU.ActiveCfg = Debug|Any CPU
		{BBF66E9C-A2D8-4DE4-9586-2712062FFAF6}.Debug|Any CPU.Build.0 = Debug|Any CPU
		{BBF66E9C-A2D8-4DE4-9586-2712062FFAF6}.Release|Any CPU.ActiveCfg = Release|Any CPU
		{BBF66E9C-A2D8-4DE4-9586-2712062FFAF6}.Release|Any CPU.Build.0 = Release|Any CPU
	EndGlobalSection
	GlobalSection(SolutionProperties) = preSolution
		HideSolutionNode = FALSE
	EndGlobalSection
	GlobalSection(NestedProjects) = preSolution
		{54A7EA0B-ECE9-4BF8-A006-CFBD7D18CD46} = {9EB18A30-43B9-4D69-9B4E-75CBC78D6C78}
		{9172A70E-F972-4F2A-B7A6-9F5ED3B4B089} = {9EB18A30-43B9-4D69-9B4E-75CBC78D6C78}
		{BBF66E9C-A2D8-4DE4-9586-2712062FFAF6} = {9EB18A30-43B9-4D69-9B4E-75CBC78D6C78}
	EndGlobalSection
EndGlobal
