
Microsoft Visual Studio Solution File, Format Version 12.00
# Visual Studio 14
VisualStudioVersion = 14.0.23107.0
MinimumVisualStudioVersion = 10.0.40219.1
Project("{FAE04EC0-301F-11D3-BF4B-00C04F79EFBC}") = "Client", "Client\Client.csproj", "{DC626F05-74E0-4934-85BA-42DD1AAFB8AD}"
EndProject
Project("{2150E333-8FDC-42A3-9474-1A3956D46DE8}") = "Commands", "Commands", "{9EB18A30-43B9-4D69-9B4E-75CBC78D6C78}"
EndProject
Project("{FAE04EC0-301F-11D3-BF4B-00C04F79EFBC}") = "PingCommand", "PingCommand\PingCommand.csproj", "{54A7EA0B-ECE9-4BF8-A006-CFBD7D18CD46}"
EndProject
Project("{FAE04EC0-301F-11D3-BF4B-00C04F79EFBC}") = "SimpleTextCommand", "SimpleTextCommand\SimpleTextCommand.csproj", "{9172A70E-F972-4F2A-B7A6-9F5ED3B4B089}"
EndProject
Project("{FAE04EC0-301F-11D3-BF4B-00C04F79EFBC}") = "UptimeCommand", "UptimeCommand\UptimeCommand.csproj", "{BBF66E9C-A2D8-4DE4-9586-2712062FFAF6}"
EndProject
Project("{FAE04EC0-301F-11D3-BF4B-00C04F79EFBC}") = "ApplebotAPI", "ApplebotAPI\ApplebotAPI.csproj", "{E5ED57F8-2652-4DE4-A2A9-B6D4C558391C}"
EndProject
Project("{2150E333-8FDC-42A3-9474-1A3956D46DE8}") = "Plugins", "Plugins", "{F8F63457-5F8B-4ADD-BC92-47AC1857EAD9}"
EndProject
Project("{FAE04EC0-301F-11D3-BF4B-00C04F79EFBC}") = "PingCommand", "Plugins\PingCommand\PingCommand.csproj", "{35E414AC-211D-4645-A11A-A62C8F80C82D}"
EndProject
Project("{FAE04EC0-301F-11D3-BF4B-00C04F79EFBC}") = "TwitchPlatform", "Plugins\TwitchPlatform\TwitchPlatform.csproj", "{E5DD6262-B81E-4AFC-8644-A9C99A050378}"
EndProject
Project("{FAE04EC0-301F-11D3-BF4B-00C04F79EFBC}") = "QueueCommand", "QueueCommand\QueueCommand.csproj", "{0A8EA730-6E57-43A6-8B2C-98917F7365AB}"
EndProject
Project("{F184B08F-C81C-45F6-A57F-5ABD9991F28F}") = "VisualBasicExample", "Plugins\VisualBasicExample\VisualBasicExample.vbproj", "{EB8A8098-589B-443C-BE1C-5F74218CADD9}"
EndProject
Project("{F2A71F9B-5D33-465A-A702-920D77279786}") = "VisualFSharpExample", "Plugins\VisualFSharpExample\VisualFSharpExample.fsproj", "{DEC14968-869D-43C1-9F68-147833386722}"
EndProject
Project("{FAE04EC0-301F-11D3-BF4B-00C04F79EFBC}") = "VisualCSharpExample", "Plugins\VisualCSharpExample\VisualCSharpExample.csproj", "{DF60FC9B-3EBF-4213-9DD6-E75091A4A3D7}"
EndProject
Project("{8BC9CEB8-8B4A-11D0-8D11-00A0C91BC942}") = "VisualCPPCLIExample", "Plugins\VisualCPPCLIExample\VisualCPPCLIExample.vcxproj", "{32288A9F-98BF-4074-A9D5-F7B3BBF645D7}"
EndProject
Project("{2150E333-8FDC-42A3-9474-1A3956D46DE8}") = "Examples", "Examples", "{5366C50D-7481-4D7F-B76F-B37F327B2EE9}"
EndProject
Project("{FAE04EC0-301F-11D3-BF4B-00C04F79EFBC}") = "DiscordPlatform", "Plugins\DiscordPlatform\DiscordPlatform.csproj", "{07D35897-1764-4536-B664-933F1A1DD656}"
EndProject
Project("{FAE04EC0-301F-11D3-BF4B-00C04F79EFBC}") = "SimpleTextCommand", "Plugins\SimpleTextCommand\SimpleTextCommand.csproj", "{233099A5-68D6-408E-80D8-646F61745437}"
EndProject
Project("{FAE04EC0-301F-11D3-BF4B-00C04F79EFBC}") = "QueueCommand", "Plugins\QueueCommand\QueueCommand.csproj", "{A0058276-69F9-4C58-B408-D205887FC464}"
EndProject
Project("{FAE04EC0-301F-11D3-BF4B-00C04F79EFBC}") = "UptimeCommand", "Plugins\UptimeCommand\UptimeCommand.csproj", "{8CDCB9DB-51FC-464D-A4FB-9BAF14337ED5}"
EndProject
Project("{FAE04EC0-301F-11D3-BF4B-00C04F79EFBC}") = "YoutubeParser", "Plugins\YoutubeParser\YoutubeParser.csproj", "{E6F05C9B-A4C0-49C1-BCF8-A51630A31D7B}"
EndProject
Project("{FAE04EC0-301F-11D3-BF4B-00C04F79EFBC}") = "JohnCommand", "Plugins\JohnCommand\JohnCommand.csproj", "{9C3D04F0-B2A6-480D-B461-AAC27D5C3D47}"
EndProject
Project("{FAE04EC0-301F-11D3-BF4B-00C04F79EFBC}") = "ShortURLFilter", "ShortURLFilter\ShortURLFilter.csproj", "{79DBC660-DD96-4B07-99D6-AED7772A5287}"
EndProject
Global
	GlobalSection(SolutionConfigurationPlatforms) = preSolution
		Debug|Any CPU = Debug|Any CPU
		Debug|x86 = Debug|x86
		Release|Any CPU = Release|Any CPU
		Release|x86 = Release|x86
	EndGlobalSection
	GlobalSection(ProjectConfigurationPlatforms) = postSolution
		{DC626F05-74E0-4934-85BA-42DD1AAFB8AD}.Debug|Any CPU.ActiveCfg = Debug|Any CPU
		{DC626F05-74E0-4934-85BA-42DD1AAFB8AD}.Debug|Any CPU.Build.0 = Debug|Any CPU
		{DC626F05-74E0-4934-85BA-42DD1AAFB8AD}.Debug|x86.ActiveCfg = Debug|Any CPU
		{DC626F05-74E0-4934-85BA-42DD1AAFB8AD}.Debug|x86.Build.0 = Debug|Any CPU
		{DC626F05-74E0-4934-85BA-42DD1AAFB8AD}.Release|Any CPU.ActiveCfg = Release|Any CPU
		{DC626F05-74E0-4934-85BA-42DD1AAFB8AD}.Release|Any CPU.Build.0 = Release|Any CPU
		{DC626F05-74E0-4934-85BA-42DD1AAFB8AD}.Release|x86.ActiveCfg = Release|Any CPU
		{DC626F05-74E0-4934-85BA-42DD1AAFB8AD}.Release|x86.Build.0 = Release|Any CPU
		{54A7EA0B-ECE9-4BF8-A006-CFBD7D18CD46}.Debug|Any CPU.ActiveCfg = Debug|Any CPU
		{54A7EA0B-ECE9-4BF8-A006-CFBD7D18CD46}.Debug|Any CPU.Build.0 = Debug|Any CPU
		{54A7EA0B-ECE9-4BF8-A006-CFBD7D18CD46}.Debug|x86.ActiveCfg = Debug|Any CPU
		{54A7EA0B-ECE9-4BF8-A006-CFBD7D18CD46}.Debug|x86.Build.0 = Debug|Any CPU
		{54A7EA0B-ECE9-4BF8-A006-CFBD7D18CD46}.Release|Any CPU.ActiveCfg = Release|Any CPU
		{54A7EA0B-ECE9-4BF8-A006-CFBD7D18CD46}.Release|Any CPU.Build.0 = Release|Any CPU
		{54A7EA0B-ECE9-4BF8-A006-CFBD7D18CD46}.Release|x86.ActiveCfg = Release|Any CPU
		{54A7EA0B-ECE9-4BF8-A006-CFBD7D18CD46}.Release|x86.Build.0 = Release|Any CPU
		{9172A70E-F972-4F2A-B7A6-9F5ED3B4B089}.Debug|Any CPU.ActiveCfg = Debug|Any CPU
		{9172A70E-F972-4F2A-B7A6-9F5ED3B4B089}.Debug|Any CPU.Build.0 = Debug|Any CPU
		{9172A70E-F972-4F2A-B7A6-9F5ED3B4B089}.Debug|x86.ActiveCfg = Debug|Any CPU
		{9172A70E-F972-4F2A-B7A6-9F5ED3B4B089}.Debug|x86.Build.0 = Debug|Any CPU
		{9172A70E-F972-4F2A-B7A6-9F5ED3B4B089}.Release|Any CPU.ActiveCfg = Release|Any CPU
		{9172A70E-F972-4F2A-B7A6-9F5ED3B4B089}.Release|Any CPU.Build.0 = Release|Any CPU
		{9172A70E-F972-4F2A-B7A6-9F5ED3B4B089}.Release|x86.ActiveCfg = Release|Any CPU
		{9172A70E-F972-4F2A-B7A6-9F5ED3B4B089}.Release|x86.Build.0 = Release|Any CPU
		{BBF66E9C-A2D8-4DE4-9586-2712062FFAF6}.Debug|Any CPU.ActiveCfg = Debug|Any CPU
		{BBF66E9C-A2D8-4DE4-9586-2712062FFAF6}.Debug|Any CPU.Build.0 = Debug|Any CPU
		{BBF66E9C-A2D8-4DE4-9586-2712062FFAF6}.Debug|x86.ActiveCfg = Debug|Any CPU
		{BBF66E9C-A2D8-4DE4-9586-2712062FFAF6}.Debug|x86.Build.0 = Debug|Any CPU
		{BBF66E9C-A2D8-4DE4-9586-2712062FFAF6}.Release|Any CPU.ActiveCfg = Release|Any CPU
		{BBF66E9C-A2D8-4DE4-9586-2712062FFAF6}.Release|Any CPU.Build.0 = Release|Any CPU
		{BBF66E9C-A2D8-4DE4-9586-2712062FFAF6}.Release|x86.ActiveCfg = Release|Any CPU
		{BBF66E9C-A2D8-4DE4-9586-2712062FFAF6}.Release|x86.Build.0 = Release|Any CPU
		{E5ED57F8-2652-4DE4-A2A9-B6D4C558391C}.Debug|Any CPU.ActiveCfg = Debug|Any CPU
		{E5ED57F8-2652-4DE4-A2A9-B6D4C558391C}.Debug|Any CPU.Build.0 = Debug|Any CPU
		{E5ED57F8-2652-4DE4-A2A9-B6D4C558391C}.Debug|x86.ActiveCfg = Debug|Any CPU
		{E5ED57F8-2652-4DE4-A2A9-B6D4C558391C}.Debug|x86.Build.0 = Debug|Any CPU
		{E5ED57F8-2652-4DE4-A2A9-B6D4C558391C}.Release|Any CPU.ActiveCfg = Release|Any CPU
		{E5ED57F8-2652-4DE4-A2A9-B6D4C558391C}.Release|Any CPU.Build.0 = Release|Any CPU
		{E5ED57F8-2652-4DE4-A2A9-B6D4C558391C}.Release|x86.ActiveCfg = Release|Any CPU
		{E5ED57F8-2652-4DE4-A2A9-B6D4C558391C}.Release|x86.Build.0 = Release|Any CPU
		{35E414AC-211D-4645-A11A-A62C8F80C82D}.Debug|Any CPU.ActiveCfg = Debug|Any CPU
		{35E414AC-211D-4645-A11A-A62C8F80C82D}.Debug|Any CPU.Build.0 = Debug|Any CPU
		{35E414AC-211D-4645-A11A-A62C8F80C82D}.Debug|x86.ActiveCfg = Debug|Any CPU
		{35E414AC-211D-4645-A11A-A62C8F80C82D}.Debug|x86.Build.0 = Debug|Any CPU
		{35E414AC-211D-4645-A11A-A62C8F80C82D}.Release|Any CPU.ActiveCfg = Release|Any CPU
		{35E414AC-211D-4645-A11A-A62C8F80C82D}.Release|Any CPU.Build.0 = Release|Any CPU
		{35E414AC-211D-4645-A11A-A62C8F80C82D}.Release|x86.ActiveCfg = Release|Any CPU
		{35E414AC-211D-4645-A11A-A62C8F80C82D}.Release|x86.Build.0 = Release|Any CPU
		{E5DD6262-B81E-4AFC-8644-A9C99A050378}.Debug|Any CPU.ActiveCfg = Debug|Any CPU
		{E5DD6262-B81E-4AFC-8644-A9C99A050378}.Debug|Any CPU.Build.0 = Debug|Any CPU
		{E5DD6262-B81E-4AFC-8644-A9C99A050378}.Debug|x86.ActiveCfg = Debug|Any CPU
		{E5DD6262-B81E-4AFC-8644-A9C99A050378}.Debug|x86.Build.0 = Debug|Any CPU
		{E5DD6262-B81E-4AFC-8644-A9C99A050378}.Release|Any CPU.ActiveCfg = Release|Any CPU
		{E5DD6262-B81E-4AFC-8644-A9C99A050378}.Release|Any CPU.Build.0 = Release|Any CPU
		{E5DD6262-B81E-4AFC-8644-A9C99A050378}.Release|x86.ActiveCfg = Release|Any CPU
		{E5DD6262-B81E-4AFC-8644-A9C99A050378}.Release|x86.Build.0 = Release|Any CPU
		{0A8EA730-6E57-43A6-8B2C-98917F7365AB}.Debug|Any CPU.ActiveCfg = Debug|Any CPU
		{0A8EA730-6E57-43A6-8B2C-98917F7365AB}.Debug|Any CPU.Build.0 = Debug|Any CPU
		{0A8EA730-6E57-43A6-8B2C-98917F7365AB}.Debug|x86.ActiveCfg = Debug|Any CPU
		{0A8EA730-6E57-43A6-8B2C-98917F7365AB}.Debug|x86.Build.0 = Debug|Any CPU
		{0A8EA730-6E57-43A6-8B2C-98917F7365AB}.Release|Any CPU.ActiveCfg = Release|Any CPU
		{0A8EA730-6E57-43A6-8B2C-98917F7365AB}.Release|Any CPU.Build.0 = Release|Any CPU
		{0A8EA730-6E57-43A6-8B2C-98917F7365AB}.Release|x86.ActiveCfg = Release|Any CPU
		{0A8EA730-6E57-43A6-8B2C-98917F7365AB}.Release|x86.Build.0 = Release|Any CPU
		{EB8A8098-589B-443C-BE1C-5F74218CADD9}.Debug|Any CPU.ActiveCfg = Debug|Any CPU
		{EB8A8098-589B-443C-BE1C-5F74218CADD9}.Debug|Any CPU.Build.0 = Debug|Any CPU
		{EB8A8098-589B-443C-BE1C-5F74218CADD9}.Debug|x86.ActiveCfg = Debug|Any CPU
		{EB8A8098-589B-443C-BE1C-5F74218CADD9}.Debug|x86.Build.0 = Debug|Any CPU
		{EB8A8098-589B-443C-BE1C-5F74218CADD9}.Release|Any CPU.ActiveCfg = Release|Any CPU
		{EB8A8098-589B-443C-BE1C-5F74218CADD9}.Release|Any CPU.Build.0 = Release|Any CPU
		{EB8A8098-589B-443C-BE1C-5F74218CADD9}.Release|x86.ActiveCfg = Release|Any CPU
		{EB8A8098-589B-443C-BE1C-5F74218CADD9}.Release|x86.Build.0 = Release|Any CPU
		{DEC14968-869D-43C1-9F68-147833386722}.Debug|Any CPU.ActiveCfg = Debug|Any CPU
		{DEC14968-869D-43C1-9F68-147833386722}.Debug|Any CPU.Build.0 = Debug|Any CPU
		{DEC14968-869D-43C1-9F68-147833386722}.Debug|x86.ActiveCfg = Debug|Any CPU
		{DEC14968-869D-43C1-9F68-147833386722}.Debug|x86.Build.0 = Debug|Any CPU
		{DEC14968-869D-43C1-9F68-147833386722}.Release|Any CPU.ActiveCfg = Release|Any CPU
		{DEC14968-869D-43C1-9F68-147833386722}.Release|Any CPU.Build.0 = Release|Any CPU
		{DEC14968-869D-43C1-9F68-147833386722}.Release|x86.ActiveCfg = Release|Any CPU
		{DEC14968-869D-43C1-9F68-147833386722}.Release|x86.Build.0 = Release|Any CPU
		{DF60FC9B-3EBF-4213-9DD6-E75091A4A3D7}.Debug|Any CPU.ActiveCfg = Debug|Any CPU
		{DF60FC9B-3EBF-4213-9DD6-E75091A4A3D7}.Debug|Any CPU.Build.0 = Debug|Any CPU
		{DF60FC9B-3EBF-4213-9DD6-E75091A4A3D7}.Debug|x86.ActiveCfg = Debug|Any CPU
		{DF60FC9B-3EBF-4213-9DD6-E75091A4A3D7}.Debug|x86.Build.0 = Debug|Any CPU
		{DF60FC9B-3EBF-4213-9DD6-E75091A4A3D7}.Release|Any CPU.ActiveCfg = Release|Any CPU
		{DF60FC9B-3EBF-4213-9DD6-E75091A4A3D7}.Release|Any CPU.Build.0 = Release|Any CPU
		{DF60FC9B-3EBF-4213-9DD6-E75091A4A3D7}.Release|x86.ActiveCfg = Release|Any CPU
		{DF60FC9B-3EBF-4213-9DD6-E75091A4A3D7}.Release|x86.Build.0 = Release|Any CPU
		{32288A9F-98BF-4074-A9D5-F7B3BBF645D7}.Debug|Any CPU.ActiveCfg = Debug|Win32
		{32288A9F-98BF-4074-A9D5-F7B3BBF645D7}.Debug|x86.ActiveCfg = Debug|Win32
		{32288A9F-98BF-4074-A9D5-F7B3BBF645D7}.Debug|x86.Build.0 = Debug|Win32
		{32288A9F-98BF-4074-A9D5-F7B3BBF645D7}.Release|Any CPU.ActiveCfg = Release|Win32
		{32288A9F-98BF-4074-A9D5-F7B3BBF645D7}.Release|x86.ActiveCfg = Release|Win32
		{32288A9F-98BF-4074-A9D5-F7B3BBF645D7}.Release|x86.Build.0 = Release|Win32
		{07D35897-1764-4536-B664-933F1A1DD656}.Debug|Any CPU.ActiveCfg = Debug|Any CPU
		{07D35897-1764-4536-B664-933F1A1DD656}.Debug|Any CPU.Build.0 = Debug|Any CPU
		{07D35897-1764-4536-B664-933F1A1DD656}.Debug|x86.ActiveCfg = Debug|Any CPU
		{07D35897-1764-4536-B664-933F1A1DD656}.Debug|x86.Build.0 = Debug|Any CPU
		{07D35897-1764-4536-B664-933F1A1DD656}.Release|Any CPU.ActiveCfg = Release|Any CPU
		{07D35897-1764-4536-B664-933F1A1DD656}.Release|Any CPU.Build.0 = Release|Any CPU
		{07D35897-1764-4536-B664-933F1A1DD656}.Release|x86.ActiveCfg = Release|Any CPU
		{07D35897-1764-4536-B664-933F1A1DD656}.Release|x86.Build.0 = Release|Any CPU
		{233099A5-68D6-408E-80D8-646F61745437}.Debug|Any CPU.ActiveCfg = Debug|Any CPU
		{233099A5-68D6-408E-80D8-646F61745437}.Debug|Any CPU.Build.0 = Debug|Any CPU
		{233099A5-68D6-408E-80D8-646F61745437}.Debug|x86.ActiveCfg = Debug|Any CPU
		{233099A5-68D6-408E-80D8-646F61745437}.Debug|x86.Build.0 = Debug|Any CPU
		{233099A5-68D6-408E-80D8-646F61745437}.Release|Any CPU.ActiveCfg = Release|Any CPU
		{233099A5-68D6-408E-80D8-646F61745437}.Release|Any CPU.Build.0 = Release|Any CPU
		{233099A5-68D6-408E-80D8-646F61745437}.Release|x86.ActiveCfg = Release|Any CPU
		{233099A5-68D6-408E-80D8-646F61745437}.Release|x86.Build.0 = Release|Any CPU
		{A0058276-69F9-4C58-B408-D205887FC464}.Debug|Any CPU.ActiveCfg = Debug|Any CPU
		{A0058276-69F9-4C58-B408-D205887FC464}.Debug|Any CPU.Build.0 = Debug|Any CPU
		{A0058276-69F9-4C58-B408-D205887FC464}.Debug|x86.ActiveCfg = Debug|Any CPU
		{A0058276-69F9-4C58-B408-D205887FC464}.Debug|x86.Build.0 = Debug|Any CPU
		{A0058276-69F9-4C58-B408-D205887FC464}.Release|Any CPU.ActiveCfg = Release|Any CPU
		{A0058276-69F9-4C58-B408-D205887FC464}.Release|Any CPU.Build.0 = Release|Any CPU
		{A0058276-69F9-4C58-B408-D205887FC464}.Release|x86.ActiveCfg = Release|Any CPU
		{A0058276-69F9-4C58-B408-D205887FC464}.Release|x86.Build.0 = Release|Any CPU
		{8CDCB9DB-51FC-464D-A4FB-9BAF14337ED5}.Debug|Any CPU.ActiveCfg = Debug|Any CPU
		{8CDCB9DB-51FC-464D-A4FB-9BAF14337ED5}.Debug|Any CPU.Build.0 = Debug|Any CPU
		{8CDCB9DB-51FC-464D-A4FB-9BAF14337ED5}.Debug|x86.ActiveCfg = Debug|Any CPU
		{8CDCB9DB-51FC-464D-A4FB-9BAF14337ED5}.Debug|x86.Build.0 = Debug|Any CPU
		{8CDCB9DB-51FC-464D-A4FB-9BAF14337ED5}.Release|Any CPU.ActiveCfg = Release|Any CPU
		{8CDCB9DB-51FC-464D-A4FB-9BAF14337ED5}.Release|Any CPU.Build.0 = Release|Any CPU
		{8CDCB9DB-51FC-464D-A4FB-9BAF14337ED5}.Release|x86.ActiveCfg = Release|Any CPU
		{8CDCB9DB-51FC-464D-A4FB-9BAF14337ED5}.Release|x86.Build.0 = Release|Any CPU
		{E6F05C9B-A4C0-49C1-BCF8-A51630A31D7B}.Debug|Any CPU.ActiveCfg = Debug|Any CPU
		{E6F05C9B-A4C0-49C1-BCF8-A51630A31D7B}.Debug|Any CPU.Build.0 = Debug|Any CPU
		{E6F05C9B-A4C0-49C1-BCF8-A51630A31D7B}.Debug|x86.ActiveCfg = Debug|Any CPU
		{E6F05C9B-A4C0-49C1-BCF8-A51630A31D7B}.Debug|x86.Build.0 = Debug|Any CPU
		{E6F05C9B-A4C0-49C1-BCF8-A51630A31D7B}.Release|Any CPU.ActiveCfg = Release|Any CPU
		{E6F05C9B-A4C0-49C1-BCF8-A51630A31D7B}.Release|Any CPU.Build.0 = Release|Any CPU
		{E6F05C9B-A4C0-49C1-BCF8-A51630A31D7B}.Release|x86.ActiveCfg = Release|Any CPU
		{E6F05C9B-A4C0-49C1-BCF8-A51630A31D7B}.Release|x86.Build.0 = Release|Any CPU
		{9C3D04F0-B2A6-480D-B461-AAC27D5C3D47}.Debug|Any CPU.ActiveCfg = Debug|Any CPU
		{9C3D04F0-B2A6-480D-B461-AAC27D5C3D47}.Debug|Any CPU.Build.0 = Debug|Any CPU
		{9C3D04F0-B2A6-480D-B461-AAC27D5C3D47}.Debug|x86.ActiveCfg = Debug|Any CPU
		{9C3D04F0-B2A6-480D-B461-AAC27D5C3D47}.Debug|x86.Build.0 = Debug|Any CPU
		{9C3D04F0-B2A6-480D-B461-AAC27D5C3D47}.Release|Any CPU.ActiveCfg = Release|Any CPU
		{9C3D04F0-B2A6-480D-B461-AAC27D5C3D47}.Release|Any CPU.Build.0 = Release|Any CPU
		{9C3D04F0-B2A6-480D-B461-AAC27D5C3D47}.Release|x86.ActiveCfg = Release|Any CPU
		{9C3D04F0-B2A6-480D-B461-AAC27D5C3D47}.Release|x86.Build.0 = Release|Any CPU
		{79DBC660-DD96-4B07-99D6-AED7772A5287}.Debug|Any CPU.ActiveCfg = Debug|Any CPU
		{79DBC660-DD96-4B07-99D6-AED7772A5287}.Debug|Any CPU.Build.0 = Debug|Any CPU
		{79DBC660-DD96-4B07-99D6-AED7772A5287}.Debug|x86.ActiveCfg = Debug|Any CPU
		{79DBC660-DD96-4B07-99D6-AED7772A5287}.Debug|x86.Build.0 = Debug|Any CPU
		{79DBC660-DD96-4B07-99D6-AED7772A5287}.Release|Any CPU.ActiveCfg = Release|Any CPU
		{79DBC660-DD96-4B07-99D6-AED7772A5287}.Release|Any CPU.Build.0 = Release|Any CPU
		{79DBC660-DD96-4B07-99D6-AED7772A5287}.Release|x86.ActiveCfg = Release|Any CPU
		{79DBC660-DD96-4B07-99D6-AED7772A5287}.Release|x86.Build.0 = Release|Any CPU
	EndGlobalSection
	GlobalSection(SolutionProperties) = preSolution
		HideSolutionNode = FALSE
	EndGlobalSection
	GlobalSection(NestedProjects) = preSolution
		{54A7EA0B-ECE9-4BF8-A006-CFBD7D18CD46} = {9EB18A30-43B9-4D69-9B4E-75CBC78D6C78}
		{9172A70E-F972-4F2A-B7A6-9F5ED3B4B089} = {9EB18A30-43B9-4D69-9B4E-75CBC78D6C78}
		{BBF66E9C-A2D8-4DE4-9586-2712062FFAF6} = {9EB18A30-43B9-4D69-9B4E-75CBC78D6C78}
		{35E414AC-211D-4645-A11A-A62C8F80C82D} = {F8F63457-5F8B-4ADD-BC92-47AC1857EAD9}
		{E5DD6262-B81E-4AFC-8644-A9C99A050378} = {F8F63457-5F8B-4ADD-BC92-47AC1857EAD9}
		{0A8EA730-6E57-43A6-8B2C-98917F7365AB} = {9EB18A30-43B9-4D69-9B4E-75CBC78D6C78}
		{EB8A8098-589B-443C-BE1C-5F74218CADD9} = {5366C50D-7481-4D7F-B76F-B37F327B2EE9}
		{DEC14968-869D-43C1-9F68-147833386722} = {5366C50D-7481-4D7F-B76F-B37F327B2EE9}
		{DF60FC9B-3EBF-4213-9DD6-E75091A4A3D7} = {5366C50D-7481-4D7F-B76F-B37F327B2EE9}
		{32288A9F-98BF-4074-A9D5-F7B3BBF645D7} = {5366C50D-7481-4D7F-B76F-B37F327B2EE9}
		{5366C50D-7481-4D7F-B76F-B37F327B2EE9} = {F8F63457-5F8B-4ADD-BC92-47AC1857EAD9}
		{07D35897-1764-4536-B664-933F1A1DD656} = {F8F63457-5F8B-4ADD-BC92-47AC1857EAD9}
		{233099A5-68D6-408E-80D8-646F61745437} = {F8F63457-5F8B-4ADD-BC92-47AC1857EAD9}
		{A0058276-69F9-4C58-B408-D205887FC464} = {F8F63457-5F8B-4ADD-BC92-47AC1857EAD9}
		{8CDCB9DB-51FC-464D-A4FB-9BAF14337ED5} = {F8F63457-5F8B-4ADD-BC92-47AC1857EAD9}
		{E6F05C9B-A4C0-49C1-BCF8-A51630A31D7B} = {F8F63457-5F8B-4ADD-BC92-47AC1857EAD9}
		{9C3D04F0-B2A6-480D-B461-AAC27D5C3D47} = {F8F63457-5F8B-4ADD-BC92-47AC1857EAD9}
		{79DBC660-DD96-4B07-99D6-AED7772A5287} = {F8F63457-5F8B-4ADD-BC92-47AC1857EAD9}
	EndGlobalSection
EndGlobal
