{
    "name": "applebot-type-node",
    "version": "0.1.0",
    "lockfileVersion": 1,
    "requires": true,
    "dependencies": {
        "@types/node": {
            "version": "8.0.19",
            "resolved": "https://registry.npmjs.org/@types/node/-/node-8.0.19.tgz",
            "integrity": "sha512-VRQB+Q0L3YZWs45uRdpN9oWr82meL/8TrJ6faoKT5tp0uub2l/aRMhtm5fo68h7kjYKH60f9/bay1nF7ZpTW5g=="
        },
        "@types/node-fetch": {
            "version": "1.6.7",
            "resolved": "https://registry.npmjs.org/@types/node-fetch/-/node-fetch-1.6.7.tgz",
            "integrity": "sha1-UhB46PDGmhWOUCIAWsqS0mIPbVc=",
            "requires": {
                "@types/node": "8.0.19"
            }
        },
        "@types/ws": {
            "version": "3.0.2",
            "resolved": "https://registry.npmjs.org/@types/ws/-/ws-3.0.2.tgz",
            "integrity": "sha512-jWO+P8pn6lBdKoi+8cxBdLbRwwiiBdp8Jqgr/9e6A33fRNunM/C3ACGU/9Ksr3rHV6C2KzhncNGwgCFwGTgX/g==",
            "requires": {
                "@types/node": "8.0.19"
            }
        },
        "discord.js": {
            "version": "11.1.0",
            "resolved": "https://registry.npmjs.org/discord.js/-/discord.js-11.1.0.tgz",
            "integrity": "sha1-U1HVnjeY9TbeGXXpLK5NEa89kmY=",
            "requires": {
                "long": "3.2.0",
                "prism-media": "0.0.1",
                "snekfetch": "3.2.4",
                "tweetnacl": "0.14.5",
                "ws": "2.3.1"
            },
            "dependencies": {
                "ws": {
                    "version": "2.3.1",
                    "resolved": "https://registry.npmjs.org/ws/-/ws-2.3.1.tgz",
                    "integrity": "sha1-a5Sz5EfLajY/eF6vlK9jWejoHIA=",
                    "requires": {
                        "safe-buffer": "5.0.1",
                        "ultron": "1.1.0"
                    }
                }
            }
        },
        "encoding": {
            "version": "0.1.12",
            "resolved": "https://registry.npmjs.org/encoding/-/encoding-0.1.12.tgz",
            "integrity": "sha1-U4tm8+5izRq1HsMjgp0flIDHS+s=",
            "requires": {
                "iconv-lite": "0.4.18"
            }
        },
        "iconv-lite": {
            "version": "0.4.18",
            "resolved": "https://registry.npmjs.org/iconv-lite/-/iconv-lite-0.4.18.tgz",
            "integrity": "sha512-sr1ZQph3UwHTR0XftSbK85OvBbxe/abLGzEnPENCQwmHf7sck8Oyu4ob3LgBxWWxRoM+QszeUyl7jbqapu2TqA=="
        },
        "is-stream": {
            "version": "1.1.0",
            "resolved": "https://registry.npmjs.org/is-stream/-/is-stream-1.1.0.tgz",
            "integrity": "sha1-EtSj3U5o4Lec6428hBc66A2RykQ="
        },
        "long": {
            "version": "3.2.0",
            "resolved": "https://registry.npmjs.org/long/-/long-3.2.0.tgz",
            "integrity": "sha1-2CG3E4yhy1gcFymQ7xTbIAtcR0s="
        },
        "node-fetch": {
            "version": "1.7.1",
            "resolved": "https://registry.npmjs.org/node-fetch/-/node-fetch-1.7.1.tgz",
            "integrity": "sha512-j8XsFGCLw79vWXkZtMSmmLaOk9z5SQ9bV/tkbZVCqvgwzrjAGq66igobLofHtF63NvMTp2WjytpsNTGKa+XRIQ==",
            "requires": {
                "encoding": "0.1.12",
                "is-stream": "1.1.0"
            }
        },
        "prism-media": {
            "version": "0.0.1",
            "resolved": "https://registry.npmjs.org/prism-media/-/prism-media-0.0.1.tgz",
            "integrity": "sha1-o0JcnKvVDRxsAuVDlBoRiVZnvRA="
        },
        "safe-buffer": {
            "version": "5.0.1",
            "resolved": "https://registry.npmjs.org/safe-buffer/-/safe-buffer-5.0.1.tgz",
            "integrity": "sha1-0mPKVGls2KMGtcplUekt5XkY++c="
        },
        "snekfetch": {
            "version": "3.2.4",
            "resolved": "https://registry.npmjs.org/snekfetch/-/snekfetch-3.2.4.tgz",
            "integrity": "sha512-vDZYK3cgt0mFLeAzQXNGgAc/8G3AnbqbfuBt1FOaLgYt42BWEi3z3U5tSLGEs+bvO6d5nU7mBbhpi8RIVF2ztw=="
        },
        "tweetnacl": {
            "version": "0.14.5",
            "resolved": "https://registry.npmjs.org/tweetnacl/-/tweetnacl-0.14.5.tgz",
            "integrity": "sha1-WuaBd/GS1EViadEIr6k/+HQ/T2Q="
        },
        "ultron": {
            "version": "1.1.0",
            "resolved": "https://registry.npmjs.org/ultron/-/ultron-1.1.0.tgz",
            "integrity": "sha1-sHoualQagV/Go0zNRTO67DB8qGQ="
        },
        "ws": {
            "version": "3.1.0",
            "resolved": "https://registry.npmjs.org/ws/-/ws-3.1.0.tgz",
            "integrity": "sha512-TU4/qKFlyQFqNITNWiqPCUY9GqlAhEotlzfcZcve6VT1YEngQl1dDMqwQQS3eMYruJ5r/UD3lcsWib6iVMDGDw==",
            "requires": {
                "safe-buffer": "5.1.1",
                "ultron": "1.1.0"
            },
            "dependencies": {
                "safe-buffer": {
                    "version": "5.1.1",
                    "resolved": "https://registry.npmjs.org/safe-buffer/-/safe-buffer-5.1.1.tgz",
                    "integrity": "sha512-kKvNJn6Mm93gAczWVJg7wH+wGYWNrDHdWvpUmHyEsgCtIwwo3bqPtV4tR5tuPaUhTOo/kvhVwd8XwwOllGYkbg=="
                }
            }
        }
    }
}
